
Microsoft Visual Studio Solution File, Format Version 12.00
# Visual Studio Version 16
VisualStudioVersion = 16.0.30320.27
MinimumVisualStudioVersion = 10.0.40219.1
Project("{FAE04EC0-301F-11D3-BF4B-00C04F79EFBC}") = "DelegateAndEvents", "DelegateAndEvents\DelegateAndEvents.csproj", "{CF6DFCCB-2621-487D-9622-60CC29C0E8B6}"
EndProject
Project("{FAE04EC0-301F-11D3-BF4B-00C04F79EFBC}") = "AsyncAwaitAndThreads", "AsyncAwaitAndThreads\AsyncAwaitAndThreads.csproj", "{2E3F7C39-E2A4-4E34-A443-29DE7AD5F318}"
EndProject
Project("{FAE04EC0-301F-11D3-BF4B-00C04F79EFBC}") = "SQL_DataBase", "SQL_DataBase\SQL_DataBase.csproj", "{47D9ED0D-38A8-4442-8261-8ACA05ADDA51}"
EndProject
Project("{FAE04EC0-301F-11D3-BF4B-00C04F79EFBC}") = "TypesInSharp", "TypesInSharp\TypesInSharp.csproj", "{5E526095-D27B-432E-9645-4CE37C5ABA50}"
EndProject
Project("{FAE04EC0-301F-11D3-BF4B-00C04F79EFBC}") = "ArraysAndStructures", "ArraysAndStructures\ArraysAndStructures.csproj", "{08F5AFEC-2845-4072-A2F2-B9D9C0A606F3}"
EndProject
Global
	GlobalSection(SolutionConfigurationPlatforms) = preSolution
		Debug|Any CPU = Debug|Any CPU
		Release|Any CPU = Release|Any CPU
	EndGlobalSection
	GlobalSection(ProjectConfigurationPlatforms) = postSolution
		{CF6DFCCB-2621-487D-9622-60CC29C0E8B6}.Debug|Any CPU.ActiveCfg = Debug|Any CPU
		{CF6DFCCB-2621-487D-9622-60CC29C0E8B6}.Debug|Any CPU.Build.0 = Debug|Any CPU
		{CF6DFCCB-2621-487D-9622-60CC29C0E8B6}.Release|Any CPU.ActiveCfg = Release|Any CPU
		{CF6DFCCB-2621-487D-9622-60CC29C0E8B6}.Release|Any CPU.Build.0 = Release|Any CPU
		{2E3F7C39-E2A4-4E34-A443-29DE7AD5F318}.Debug|Any CPU.ActiveCfg = Debug|Any CPU
		{2E3F7C39-E2A4-4E34-A443-29DE7AD5F318}.Debug|Any CPU.Build.0 = Debug|Any CPU
		{2E3F7C39-E2A4-4E34-A443-29DE7AD5F318}.Release|Any CPU.ActiveCfg = Release|Any CPU
		{2E3F7C39-E2A4-4E34-A443-29DE7AD5F318}.Release|Any CPU.Build.0 = Release|Any CPU
		{47D9ED0D-38A8-4442-8261-8ACA05ADDA51}.Debug|Any CPU.ActiveCfg = Debug|Any CPU
		{47D9ED0D-38A8-4442-8261-8ACA05ADDA51}.Debug|Any CPU.Build.0 = Debug|Any CPU
		{47D9ED0D-38A8-4442-8261-8ACA05ADDA51}.Release|Any CPU.ActiveCfg = Release|Any CPU
		{47D9ED0D-38A8-4442-8261-8ACA05ADDA51}.Release|Any CPU.Build.0 = Release|Any CPU
		{5E526095-D27B-432E-9645-4CE37C5ABA50}.Debug|Any CPU.ActiveCfg = Debug|Any CPU
		{5E526095-D27B-432E-9645-4CE37C5ABA50}.Debug|Any CPU.Build.0 = Debug|Any CPU
		{5E526095-D27B-432E-9645-4CE37C5ABA50}.Release|Any CPU.ActiveCfg = Release|Any CPU
		{5E526095-D27B-432E-9645-4CE37C5ABA50}.Release|Any CPU.Build.0 = Release|Any CPU
		{08F5AFEC-2845-4072-A2F2-B9D9C0A606F3}.Debug|Any CPU.ActiveCfg = Debug|Any CPU
		{08F5AFEC-2845-4072-A2F2-B9D9C0A606F3}.Debug|Any CPU.Build.0 = Debug|Any CPU
		{08F5AFEC-2845-4072-A2F2-B9D9C0A606F3}.Release|Any CPU.ActiveCfg = Release|Any CPU
		{08F5AFEC-2845-4072-A2F2-B9D9C0A606F3}.Release|Any CPU.Build.0 = Release|Any CPU
	EndGlobalSection
	GlobalSection(SolutionProperties) = preSolution
		HideSolutionNode = FALSE
	EndGlobalSection
	GlobalSection(ExtensibilityGlobals) = postSolution
		SolutionGuid = {77F6A565-488E-4997-9EDC-A49AEC0A5777}
	EndGlobalSection
EndGlobal
