
Microsoft Visual Studio Solution File, Format Version 12.00
# Visual Studio Version 16
VisualStudioVersion = 16.0.30320.27
MinimumVisualStudioVersion = 10.0.40219.1
Project("{2150E333-8FDC-42A3-9474-1A3956D46DE8}") = "Chapter_7_Exceptions", "Chapter_7_Exceptions", "{35317521-A443-47A9-A754-A5B6E690E27B}"
EndProject
Project("{FAE04EC0-301F-11D3-BF4B-00C04F79EFBC}") = "CustomException", "Chapter_7_Exceptions\CustomException\CustomException.csproj", "{51FEF51A-F1BC-4416-93BA-92D05E123FBD}"
EndProject
Project("{FAE04EC0-301F-11D3-BF4B-00C04F79EFBC}") = "MultiplyExceptions", "Chapter_7_Exceptions\MultiplyExceptions\MultiplyExceptions.csproj", "{BD84E296-BE43-49F1-844E-BE9F7F79C0B1}"
EndProject
Project("{FAE04EC0-301F-11D3-BF4B-00C04F79EFBC}") = "SimpleException", "Chapter_7_Exceptions\SimpleException\SimpleException.csproj", "{1D26E2F7-D4EB-4E46-A588-DCBE69E8134C}"
EndProject
Project("{2150E333-8FDC-42A3-9474-1A3956D46DE8}") = "Chapter_5-6_OOP", "Chapter_5-6_OOP", "{ACBD9996-8A05-4031-9BD1-6C1C1AF0D6F9}"
EndProject
Project("{FAE04EC0-301F-11D3-BF4B-00C04F79EFBC}") = "BasicInheritance", "Chapter_5-6_OOP\BasicInheritance\BasicInheritance.csproj", "{E7A5A14B-551F-437F-9F6D-654D663556BF}"
EndProject
Project("{FAE04EC0-301F-11D3-BF4B-00C04F79EFBC}") = "ClassExample", "Chapter_5-6_OOP\ClassExample\ClassExample.csproj", "{5D80AED9-2474-4FD5-97E2-FC8C9374C528}"
EndProject
Project("{FAE04EC0-301F-11D3-BF4B-00C04F79EFBC}") = "EmployeeApp", "Chapter_5-6_OOP\EmployeeApp\EmployeeApp.csproj", "{D12075FC-B2CF-4D6F-AE84-715767004332}"
EndProject
Project("{FAE04EC0-301F-11D3-BF4B-00C04F79EFBC}") = "Incapsulation", "Chapter_5-6_OOP\Incapsulation\Incapsulation.csproj", "{946A696A-AD1D-41E6-9942-175683E5B67A}"
EndProject
Project("{2150E333-8FDC-42A3-9474-1A3956D46DE8}") = "Early_projects", "Early_projects", "{5DE06714-9DCD-4923-A20E-B12245A57E00}"
EndProject
Project("{FAE04EC0-301F-11D3-BF4B-00C04F79EFBC}") = "ArraysAndStructures", "Early_projects\ArraysAndStructures\ArraysAndStructures.csproj", "{08F5AFEC-2845-4072-A2F2-B9D9C0A606F3}"
EndProject
Project("{FAE04EC0-301F-11D3-BF4B-00C04F79EFBC}") = "AsyncAwaitAndThreads", "Early_projects\AsyncAwaitAndThreads\AsyncAwaitAndThreads.csproj", "{2E3F7C39-E2A4-4E34-A443-29DE7AD5F318}"
EndProject
Project("{FAE04EC0-301F-11D3-BF4B-00C04F79EFBC}") = "DelegateAndEvents", "Early_projects\DelegateAndEvents\DelegateAndEvents.csproj", "{CF6DFCCB-2621-487D-9622-60CC29C0E8B6}"
EndProject
Project("{FAE04EC0-301F-11D3-BF4B-00C04F79EFBC}") = "TypesInSharp", "Early_projects\TypesInSharp\TypesInSharp.csproj", "{5E526095-D27B-432E-9645-4CE37C5ABA50}"
EndProject
Project("{2150E333-8FDC-42A3-9474-1A3956D46DE8}") = "Chapter_8_Interfaces", "Chapter_8_Interfaces", "{79539C6F-97E3-40C3-B783-DC1314F76946}"
EndProject
Project("{FAE04EC0-301F-11D3-BF4B-00C04F79EFBC}") = "IClonableExample", "Chapter_8_Interfaces\IClonableExample\IClonableExample.csproj", "{74755CD5-B72F-4ACE-AA8C-0A0634A14404}"
EndProject
Project("{FAE04EC0-301F-11D3-BF4B-00C04F79EFBC}") = "CustomInterface", "CustomInterface\CustomInterface.csproj", "{8CFA7C30-6E31-48C1-96E1-6CC078C57A87}"
EndProject
Project("{FAE04EC0-301F-11D3-BF4B-00C04F79EFBC}") = "InterfaceNameClash", "Chapter_8_Interfaces\InterfaceNameClash\InterfaceNameClash.csproj", "{E1752577-E97E-4FBC-A25E-E3046DE4E171}"
EndProject
Project("{FAE04EC0-301F-11D3-BF4B-00C04F79EFBC}") = "InterfaceHierarchy", "Chapter_8_Interfaces\InterfaceHierarchy\InterfaceHierarchy.csproj", "{26F9F615-00F6-471A-BB1C-5C863B4214BE}"
EndProject
Project("{FAE04EC0-301F-11D3-BF4B-00C04F79EFBC}") = "CustomEnumerator", "Chapter_8_Interfaces\CustomEnumerator\CustomEnumerator.csproj", "{C951E927-0FB2-4E6A-824D-F8740C7238F2}"
EndProject
Project("{FAE04EC0-301F-11D3-BF4B-00C04F79EFBC}") = "CustomEnumeratorYield", "Chapter_8_Interfaces\CustomEnumeratorYield\CustomEnumeratorYield.csproj", "{F9FF0969-597F-4E33-AD0D-E80EB8402275}"
EndProject
Project("{FAE04EC0-301F-11D3-BF4B-00C04F79EFBC}") = "CloneablePoint", "Chapter_8_Interfaces\ClonablePoint\CloneablePoint.csproj", "{326ED7EA-6FB8-4A3F-AC33-61BBC7989F8D}"
EndProject
Project("{FAE04EC0-301F-11D3-BF4B-00C04F79EFBC}") = "ComperebleCar", "Chapter_8_Interfaces\ComperebleCar\ComperebleCar.csproj", "{6CD978A6-0CD7-4935-A7F4-CE9F51A0DA6D}"
EndProject
Project("{2150E333-8FDC-42A3-9474-1A3956D46DE8}") = "Chapter_9_CollectionsAndGeneric", "Chapter_9_CollectionsAndGeneric", "{5EAC8744-1019-419C-879D-B90935182F6B}"
EndProject
Project("{FAE04EC0-301F-11D3-BF4B-00C04F79EFBC}") = "BasicGeneric", "Chapter_9_CollectionsAndGeneric\BasicGeneric\BasicGeneric.csproj", "{F45BEBAC-0E6C-47EB-A754-AA3FECA143A3}"
EndProject
Project("{FAE04EC0-301F-11D3-BF4B-00C04F79EFBC}") = "ObservableCollections", "Chapter_9_CollectionsAndGeneric\ObservableCollections\ObservableCollections.csproj", "{BE8AA8EE-A225-48B9-9A14-BF51A791EBD1}"
EndProject
Project("{FAE04EC0-301F-11D3-BF4B-00C04F79EFBC}") = "CustomGenericMethods", "Chapter_9_CollectionsAndGeneric\CustomGenericMethods\CustomGenericMethods.csproj", "{004253AD-EA54-4C8E-A565-FB06AABDD889}"
EndProject
Project("{FAE04EC0-301F-11D3-BF4B-00C04F79EFBC}") = "GenericPoint", "Chapter_9_CollectionsAndGeneric\GenericPoint\GenericPoint.csproj", "{774E5362-6A21-473C-9AAF-387C1CD68339}"
EndProject
Project("{2150E333-8FDC-42A3-9474-1A3956D46DE8}") = "Chapter_10_DelegateEventsLambda", "Chapter_10_DelegateEventsLambda", "{ACD5C462-30A3-48B2-A30C-D04BA11F685D}"
EndProject
Project("{FAE04EC0-301F-11D3-BF4B-00C04F79EFBC}") = "SimpleDelegate", "Chapter_10_DelegateEventsLambda\SimpleDelegate\SimpleDelegate.csproj", "{3F573C4D-9DBD-4C56-8CAE-57906EDBA13E}"
EndProject
Project("{FAE04EC0-301F-11D3-BF4B-00C04F79EFBC}") = "CarDelegate", "Chapter_10_DelegateEventsLambda\CarDelegate\CarDelegate.csproj", "{522D8EE7-1989-444C-A061-1C640B969C49}"
EndProject
Project("{FAE04EC0-301F-11D3-BF4B-00C04F79EFBC}") = "ActionFunc", "Chapter_10_DelegateEventsLambda\ActionFunc\ActionFunc.csproj", "{62A5F132-733E-4782-802E-99AC61A232D2}"
EndProject
Global
	GlobalSection(SolutionConfigurationPlatforms) = preSolution
		Debug|Any CPU = Debug|Any CPU
		Release|Any CPU = Release|Any CPU
	EndGlobalSection
	GlobalSection(ProjectConfigurationPlatforms) = postSolution
		{51FEF51A-F1BC-4416-93BA-92D05E123FBD}.Debug|Any CPU.ActiveCfg = Debug|Any CPU
		{51FEF51A-F1BC-4416-93BA-92D05E123FBD}.Debug|Any CPU.Build.0 = Debug|Any CPU
		{51FEF51A-F1BC-4416-93BA-92D05E123FBD}.Release|Any CPU.ActiveCfg = Release|Any CPU
		{51FEF51A-F1BC-4416-93BA-92D05E123FBD}.Release|Any CPU.Build.0 = Release|Any CPU
		{BD84E296-BE43-49F1-844E-BE9F7F79C0B1}.Debug|Any CPU.ActiveCfg = Debug|Any CPU
		{BD84E296-BE43-49F1-844E-BE9F7F79C0B1}.Debug|Any CPU.Build.0 = Debug|Any CPU
		{BD84E296-BE43-49F1-844E-BE9F7F79C0B1}.Release|Any CPU.ActiveCfg = Release|Any CPU
		{BD84E296-BE43-49F1-844E-BE9F7F79C0B1}.Release|Any CPU.Build.0 = Release|Any CPU
		{1D26E2F7-D4EB-4E46-A588-DCBE69E8134C}.Debug|Any CPU.ActiveCfg = Debug|Any CPU
		{1D26E2F7-D4EB-4E46-A588-DCBE69E8134C}.Debug|Any CPU.Build.0 = Debug|Any CPU
		{1D26E2F7-D4EB-4E46-A588-DCBE69E8134C}.Release|Any CPU.ActiveCfg = Release|Any CPU
		{1D26E2F7-D4EB-4E46-A588-DCBE69E8134C}.Release|Any CPU.Build.0 = Release|Any CPU
		{E7A5A14B-551F-437F-9F6D-654D663556BF}.Debug|Any CPU.ActiveCfg = Debug|Any CPU
		{E7A5A14B-551F-437F-9F6D-654D663556BF}.Debug|Any CPU.Build.0 = Debug|Any CPU
		{E7A5A14B-551F-437F-9F6D-654D663556BF}.Release|Any CPU.ActiveCfg = Release|Any CPU
		{E7A5A14B-551F-437F-9F6D-654D663556BF}.Release|Any CPU.Build.0 = Release|Any CPU
		{5D80AED9-2474-4FD5-97E2-FC8C9374C528}.Debug|Any CPU.ActiveCfg = Debug|Any CPU
		{5D80AED9-2474-4FD5-97E2-FC8C9374C528}.Debug|Any CPU.Build.0 = Debug|Any CPU
		{5D80AED9-2474-4FD5-97E2-FC8C9374C528}.Release|Any CPU.ActiveCfg = Release|Any CPU
		{5D80AED9-2474-4FD5-97E2-FC8C9374C528}.Release|Any CPU.Build.0 = Release|Any CPU
		{D12075FC-B2CF-4D6F-AE84-715767004332}.Debug|Any CPU.ActiveCfg = Debug|Any CPU
		{D12075FC-B2CF-4D6F-AE84-715767004332}.Debug|Any CPU.Build.0 = Debug|Any CPU
		{D12075FC-B2CF-4D6F-AE84-715767004332}.Release|Any CPU.ActiveCfg = Release|Any CPU
		{D12075FC-B2CF-4D6F-AE84-715767004332}.Release|Any CPU.Build.0 = Release|Any CPU
		{946A696A-AD1D-41E6-9942-175683E5B67A}.Debug|Any CPU.ActiveCfg = Debug|Any CPU
		{946A696A-AD1D-41E6-9942-175683E5B67A}.Debug|Any CPU.Build.0 = Debug|Any CPU
		{946A696A-AD1D-41E6-9942-175683E5B67A}.Release|Any CPU.ActiveCfg = Release|Any CPU
		{946A696A-AD1D-41E6-9942-175683E5B67A}.Release|Any CPU.Build.0 = Release|Any CPU
		{08F5AFEC-2845-4072-A2F2-B9D9C0A606F3}.Debug|Any CPU.ActiveCfg = Debug|Any CPU
		{08F5AFEC-2845-4072-A2F2-B9D9C0A606F3}.Debug|Any CPU.Build.0 = Debug|Any CPU
		{08F5AFEC-2845-4072-A2F2-B9D9C0A606F3}.Release|Any CPU.ActiveCfg = Release|Any CPU
		{08F5AFEC-2845-4072-A2F2-B9D9C0A606F3}.Release|Any CPU.Build.0 = Release|Any CPU
		{2E3F7C39-E2A4-4E34-A443-29DE7AD5F318}.Debug|Any CPU.ActiveCfg = Debug|Any CPU
		{2E3F7C39-E2A4-4E34-A443-29DE7AD5F318}.Debug|Any CPU.Build.0 = Debug|Any CPU
		{2E3F7C39-E2A4-4E34-A443-29DE7AD5F318}.Release|Any CPU.ActiveCfg = Release|Any CPU
		{2E3F7C39-E2A4-4E34-A443-29DE7AD5F318}.Release|Any CPU.Build.0 = Release|Any CPU
		{CF6DFCCB-2621-487D-9622-60CC29C0E8B6}.Debug|Any CPU.ActiveCfg = Debug|Any CPU
		{CF6DFCCB-2621-487D-9622-60CC29C0E8B6}.Debug|Any CPU.Build.0 = Debug|Any CPU
		{CF6DFCCB-2621-487D-9622-60CC29C0E8B6}.Release|Any CPU.ActiveCfg = Release|Any CPU
		{CF6DFCCB-2621-487D-9622-60CC29C0E8B6}.Release|Any CPU.Build.0 = Release|Any CPU
		{5E526095-D27B-432E-9645-4CE37C5ABA50}.Debug|Any CPU.ActiveCfg = Debug|Any CPU
		{5E526095-D27B-432E-9645-4CE37C5ABA50}.Debug|Any CPU.Build.0 = Debug|Any CPU
		{5E526095-D27B-432E-9645-4CE37C5ABA50}.Release|Any CPU.ActiveCfg = Release|Any CPU
		{5E526095-D27B-432E-9645-4CE37C5ABA50}.Release|Any CPU.Build.0 = Release|Any CPU
		{74755CD5-B72F-4ACE-AA8C-0A0634A14404}.Debug|Any CPU.ActiveCfg = Debug|Any CPU
		{74755CD5-B72F-4ACE-AA8C-0A0634A14404}.Debug|Any CPU.Build.0 = Debug|Any CPU
		{74755CD5-B72F-4ACE-AA8C-0A0634A14404}.Release|Any CPU.ActiveCfg = Release|Any CPU
		{74755CD5-B72F-4ACE-AA8C-0A0634A14404}.Release|Any CPU.Build.0 = Release|Any CPU
		{8CFA7C30-6E31-48C1-96E1-6CC078C57A87}.Debug|Any CPU.ActiveCfg = Debug|Any CPU
		{8CFA7C30-6E31-48C1-96E1-6CC078C57A87}.Debug|Any CPU.Build.0 = Debug|Any CPU
		{8CFA7C30-6E31-48C1-96E1-6CC078C57A87}.Release|Any CPU.ActiveCfg = Release|Any CPU
		{8CFA7C30-6E31-48C1-96E1-6CC078C57A87}.Release|Any CPU.Build.0 = Release|Any CPU
		{E1752577-E97E-4FBC-A25E-E3046DE4E171}.Debug|Any CPU.ActiveCfg = Debug|Any CPU
		{E1752577-E97E-4FBC-A25E-E3046DE4E171}.Debug|Any CPU.Build.0 = Debug|Any CPU
		{E1752577-E97E-4FBC-A25E-E3046DE4E171}.Release|Any CPU.ActiveCfg = Release|Any CPU
		{E1752577-E97E-4FBC-A25E-E3046DE4E171}.Release|Any CPU.Build.0 = Release|Any CPU
		{26F9F615-00F6-471A-BB1C-5C863B4214BE}.Debug|Any CPU.ActiveCfg = Debug|Any CPU
		{26F9F615-00F6-471A-BB1C-5C863B4214BE}.Debug|Any CPU.Build.0 = Debug|Any CPU
		{26F9F615-00F6-471A-BB1C-5C863B4214BE}.Release|Any CPU.ActiveCfg = Release|Any CPU
		{26F9F615-00F6-471A-BB1C-5C863B4214BE}.Release|Any CPU.Build.0 = Release|Any CPU
		{C951E927-0FB2-4E6A-824D-F8740C7238F2}.Debug|Any CPU.ActiveCfg = Debug|Any CPU
		{C951E927-0FB2-4E6A-824D-F8740C7238F2}.Debug|Any CPU.Build.0 = Debug|Any CPU
		{C951E927-0FB2-4E6A-824D-F8740C7238F2}.Release|Any CPU.ActiveCfg = Release|Any CPU
		{C951E927-0FB2-4E6A-824D-F8740C7238F2}.Release|Any CPU.Build.0 = Release|Any CPU
		{F9FF0969-597F-4E33-AD0D-E80EB8402275}.Debug|Any CPU.ActiveCfg = Debug|Any CPU
		{F9FF0969-597F-4E33-AD0D-E80EB8402275}.Debug|Any CPU.Build.0 = Debug|Any CPU
		{F9FF0969-597F-4E33-AD0D-E80EB8402275}.Release|Any CPU.ActiveCfg = Release|Any CPU
		{F9FF0969-597F-4E33-AD0D-E80EB8402275}.Release|Any CPU.Build.0 = Release|Any CPU
		{326ED7EA-6FB8-4A3F-AC33-61BBC7989F8D}.Debug|Any CPU.ActiveCfg = Debug|Any CPU
		{326ED7EA-6FB8-4A3F-AC33-61BBC7989F8D}.Debug|Any CPU.Build.0 = Debug|Any CPU
		{326ED7EA-6FB8-4A3F-AC33-61BBC7989F8D}.Release|Any CPU.ActiveCfg = Release|Any CPU
		{326ED7EA-6FB8-4A3F-AC33-61BBC7989F8D}.Release|Any CPU.Build.0 = Release|Any CPU
		{6CD978A6-0CD7-4935-A7F4-CE9F51A0DA6D}.Debug|Any CPU.ActiveCfg = Debug|Any CPU
		{6CD978A6-0CD7-4935-A7F4-CE9F51A0DA6D}.Debug|Any CPU.Build.0 = Debug|Any CPU
		{6CD978A6-0CD7-4935-A7F4-CE9F51A0DA6D}.Release|Any CPU.ActiveCfg = Release|Any CPU
		{6CD978A6-0CD7-4935-A7F4-CE9F51A0DA6D}.Release|Any CPU.Build.0 = Release|Any CPU
		{F45BEBAC-0E6C-47EB-A754-AA3FECA143A3}.Debug|Any CPU.ActiveCfg = Debug|Any CPU
		{F45BEBAC-0E6C-47EB-A754-AA3FECA143A3}.Debug|Any CPU.Build.0 = Debug|Any CPU
		{F45BEBAC-0E6C-47EB-A754-AA3FECA143A3}.Release|Any CPU.ActiveCfg = Release|Any CPU
		{F45BEBAC-0E6C-47EB-A754-AA3FECA143A3}.Release|Any CPU.Build.0 = Release|Any CPU
		{BE8AA8EE-A225-48B9-9A14-BF51A791EBD1}.Debug|Any CPU.ActiveCfg = Debug|Any CPU
		{BE8AA8EE-A225-48B9-9A14-BF51A791EBD1}.Debug|Any CPU.Build.0 = Debug|Any CPU
		{BE8AA8EE-A225-48B9-9A14-BF51A791EBD1}.Release|Any CPU.ActiveCfg = Release|Any CPU
		{BE8AA8EE-A225-48B9-9A14-BF51A791EBD1}.Release|Any CPU.Build.0 = Release|Any CPU
		{004253AD-EA54-4C8E-A565-FB06AABDD889}.Debug|Any CPU.ActiveCfg = Debug|Any CPU
		{004253AD-EA54-4C8E-A565-FB06AABDD889}.Debug|Any CPU.Build.0 = Debug|Any CPU
		{004253AD-EA54-4C8E-A565-FB06AABDD889}.Release|Any CPU.ActiveCfg = Release|Any CPU
		{004253AD-EA54-4C8E-A565-FB06AABDD889}.Release|Any CPU.Build.0 = Release|Any CPU
		{774E5362-6A21-473C-9AAF-387C1CD68339}.Debug|Any CPU.ActiveCfg = Debug|Any CPU
		{774E5362-6A21-473C-9AAF-387C1CD68339}.Debug|Any CPU.Build.0 = Debug|Any CPU
		{774E5362-6A21-473C-9AAF-387C1CD68339}.Release|Any CPU.ActiveCfg = Release|Any CPU
		{774E5362-6A21-473C-9AAF-387C1CD68339}.Release|Any CPU.Build.0 = Release|Any CPU
		{3F573C4D-9DBD-4C56-8CAE-57906EDBA13E}.Debug|Any CPU.ActiveCfg = Debug|Any CPU
		{3F573C4D-9DBD-4C56-8CAE-57906EDBA13E}.Debug|Any CPU.Build.0 = Debug|Any CPU
		{3F573C4D-9DBD-4C56-8CAE-57906EDBA13E}.Release|Any CPU.ActiveCfg = Release|Any CPU
		{3F573C4D-9DBD-4C56-8CAE-57906EDBA13E}.Release|Any CPU.Build.0 = Release|Any CPU
		{522D8EE7-1989-444C-A061-1C640B969C49}.Debug|Any CPU.ActiveCfg = Debug|Any CPU
		{522D8EE7-1989-444C-A061-1C640B969C49}.Debug|Any CPU.Build.0 = Debug|Any CPU
		{522D8EE7-1989-444C-A061-1C640B969C49}.Release|Any CPU.ActiveCfg = Release|Any CPU
		{522D8EE7-1989-444C-A061-1C640B969C49}.Release|Any CPU.Build.0 = Release|Any CPU
		{62A5F132-733E-4782-802E-99AC61A232D2}.Debug|Any CPU.ActiveCfg = Debug|Any CPU
		{62A5F132-733E-4782-802E-99AC61A232D2}.Debug|Any CPU.Build.0 = Debug|Any CPU
		{62A5F132-733E-4782-802E-99AC61A232D2}.Release|Any CPU.ActiveCfg = Release|Any CPU
		{62A5F132-733E-4782-802E-99AC61A232D2}.Release|Any CPU.Build.0 = Release|Any CPU
	EndGlobalSection
	GlobalSection(SolutionProperties) = preSolution
		HideSolutionNode = FALSE
	EndGlobalSection
	GlobalSection(NestedProjects) = preSolution
		{51FEF51A-F1BC-4416-93BA-92D05E123FBD} = {35317521-A443-47A9-A754-A5B6E690E27B}
		{BD84E296-BE43-49F1-844E-BE9F7F79C0B1} = {35317521-A443-47A9-A754-A5B6E690E27B}
		{1D26E2F7-D4EB-4E46-A588-DCBE69E8134C} = {35317521-A443-47A9-A754-A5B6E690E27B}
		{E7A5A14B-551F-437F-9F6D-654D663556BF} = {ACBD9996-8A05-4031-9BD1-6C1C1AF0D6F9}
		{5D80AED9-2474-4FD5-97E2-FC8C9374C528} = {ACBD9996-8A05-4031-9BD1-6C1C1AF0D6F9}
		{D12075FC-B2CF-4D6F-AE84-715767004332} = {ACBD9996-8A05-4031-9BD1-6C1C1AF0D6F9}
		{946A696A-AD1D-41E6-9942-175683E5B67A} = {ACBD9996-8A05-4031-9BD1-6C1C1AF0D6F9}
		{08F5AFEC-2845-4072-A2F2-B9D9C0A606F3} = {5DE06714-9DCD-4923-A20E-B12245A57E00}
		{2E3F7C39-E2A4-4E34-A443-29DE7AD5F318} = {5DE06714-9DCD-4923-A20E-B12245A57E00}
		{CF6DFCCB-2621-487D-9622-60CC29C0E8B6} = {5DE06714-9DCD-4923-A20E-B12245A57E00}
		{5E526095-D27B-432E-9645-4CE37C5ABA50} = {5DE06714-9DCD-4923-A20E-B12245A57E00}
		{74755CD5-B72F-4ACE-AA8C-0A0634A14404} = {79539C6F-97E3-40C3-B783-DC1314F76946}
		{8CFA7C30-6E31-48C1-96E1-6CC078C57A87} = {79539C6F-97E3-40C3-B783-DC1314F76946}
		{E1752577-E97E-4FBC-A25E-E3046DE4E171} = {79539C6F-97E3-40C3-B783-DC1314F76946}
		{26F9F615-00F6-471A-BB1C-5C863B4214BE} = {79539C6F-97E3-40C3-B783-DC1314F76946}
		{C951E927-0FB2-4E6A-824D-F8740C7238F2} = {79539C6F-97E3-40C3-B783-DC1314F76946}
		{F9FF0969-597F-4E33-AD0D-E80EB8402275} = {79539C6F-97E3-40C3-B783-DC1314F76946}
		{326ED7EA-6FB8-4A3F-AC33-61BBC7989F8D} = {79539C6F-97E3-40C3-B783-DC1314F76946}
		{6CD978A6-0CD7-4935-A7F4-CE9F51A0DA6D} = {79539C6F-97E3-40C3-B783-DC1314F76946}
		{F45BEBAC-0E6C-47EB-A754-AA3FECA143A3} = {5EAC8744-1019-419C-879D-B90935182F6B}
		{BE8AA8EE-A225-48B9-9A14-BF51A791EBD1} = {5EAC8744-1019-419C-879D-B90935182F6B}
		{004253AD-EA54-4C8E-A565-FB06AABDD889} = {5EAC8744-1019-419C-879D-B90935182F6B}
		{774E5362-6A21-473C-9AAF-387C1CD68339} = {5EAC8744-1019-419C-879D-B90935182F6B}
		{3F573C4D-9DBD-4C56-8CAE-57906EDBA13E} = {ACD5C462-30A3-48B2-A30C-D04BA11F685D}
		{522D8EE7-1989-444C-A061-1C640B969C49} = {ACD5C462-30A3-48B2-A30C-D04BA11F685D}
		{62A5F132-733E-4782-802E-99AC61A232D2} = {ACD5C462-30A3-48B2-A30C-D04BA11F685D}
	EndGlobalSection
	GlobalSection(ExtensibilityGlobals) = postSolution
		SolutionGuid = {77F6A565-488E-4997-9EDC-A49AEC0A5777}
	EndGlobalSection
EndGlobal
